// !$*UTF8*$!
{
	archiveVersion = 1;
	classes = {
	};
	objectVersion = 50;
	objects = {

/* Begin PBXBuildFile section */
		6F1F9C9B22D734AE00D1B4AF /* NetworkRouter.swift in Sources */ = {isa = PBXBuildFile; fileRef = 6F1F9C9A22D734AE00D1B4AF /* NetworkRouter.swift */; };
		6F1F9C9D22D736B400D1B4AF /* Router.swift in Sources */ = {isa = PBXBuildFile; fileRef = 6F1F9C9C22D736B400D1B4AF /* Router.swift */; };
		6FDD26D222D5E07C00D49705 /* AppDelegate.swift in Sources */ = {isa = PBXBuildFile; fileRef = 6FDD26D122D5E07C00D49705 /* AppDelegate.swift */; };
		6FDD26D422D5E07C00D49705 /* ViewController.swift in Sources */ = {isa = PBXBuildFile; fileRef = 6FDD26D322D5E07C00D49705 /* ViewController.swift */; };
		6FDD26D722D5E07C00D49705 /* Main.storyboard in Resources */ = {isa = PBXBuildFile; fileRef = 6FDD26D522D5E07C00D49705 /* Main.storyboard */; };
		6FDD26DA22D5E07C00D49705 /* NetworkLayer.xcdatamodeld in Sources */ = {isa = PBXBuildFile; fileRef = 6FDD26D822D5E07C00D49705 /* NetworkLayer.xcdatamodeld */; };
		6FDD26DC22D5E08900D49705 /* Assets.xcassets in Resources */ = {isa = PBXBuildFile; fileRef = 6FDD26DB22D5E08900D49705 /* Assets.xcassets */; };
		6FDD26DF22D5E08900D49705 /* LaunchScreen.storyboard in Resources */ = {isa = PBXBuildFile; fileRef = 6FDD26DD22D5E08900D49705 /* LaunchScreen.storyboard */; };
		6FDD26F022D5E18A00D49705 /* EndPointType.swift in Sources */ = {isa = PBXBuildFile; fileRef = 6FDD26EF22D5E18A00D49705 /* EndPointType.swift */; };
		6FDD26F222D5E38200D49705 /* HTTPMethod.swift in Sources */ = {isa = PBXBuildFile; fileRef = 6FDD26F122D5E38200D49705 /* HTTPMethod.swift */; };
		6FDD26F422D5E49F00D49705 /* HTTPTask.swift in Sources */ = {isa = PBXBuildFile; fileRef = 6FDD26F322D5E49F00D49705 /* HTTPTask.swift */; };
		6FDD26F622D5E7CC00D49705 /* ParameterEncoding.swift in Sources */ = {isa = PBXBuildFile; fileRef = 6FDD26F522D5E7CC00D49705 /* ParameterEncoding.swift */; };
		6FDD26F822D5EEAA00D49705 /* URLParameterEncoder.swift in Sources */ = {isa = PBXBuildFile; fileRef = 6FDD26F722D5EEAA00D49705 /* URLParameterEncoder.swift */; };
		6FDD26FA22D602EF00D49705 /* JSONParameterEncoder.swift in Sources */ = {isa = PBXBuildFile; fileRef = 6FDD26F922D602EF00D49705 /* JSONParameterEncoder.swift */; };
/* End PBXBuildFile section */

/* Begin PBXFileReference section */
		6F1F9C9A22D734AE00D1B4AF /* NetworkRouter.swift */ = {isa = PBXFileReference; lastKnownFileType = sourcecode.swift; name = NetworkRouter.swift; path = NetworkLayer/Networking/Service/NetworkRouter.swift; sourceTree = SOURCE_ROOT; };
		6F1F9C9C22D736B400D1B4AF /* Router.swift */ = {isa = PBXFileReference; lastKnownFileType = sourcecode.swift; path = Router.swift; sourceTree = "<group>"; };
		6FDD26CE22D5E07C00D49705 /* NetworkLayer.app */ = {isa = PBXFileReference; explicitFileType = wrapper.application; includeInIndex = 0; path = NetworkLayer.app; sourceTree = BUILT_PRODUCTS_DIR; };
		6FDD26D122D5E07C00D49705 /* AppDelegate.swift */ = {isa = PBXFileReference; lastKnownFileType = sourcecode.swift; path = AppDelegate.swift; sourceTree = "<group>"; };
		6FDD26D322D5E07C00D49705 /* ViewController.swift */ = {isa = PBXFileReference; lastKnownFileType = sourcecode.swift; path = ViewController.swift; sourceTree = "<group>"; };
		6FDD26D622D5E07C00D49705 /* Base */ = {isa = PBXFileReference; lastKnownFileType = file.storyboard; name = Base; path = Base.lproj/Main.storyboard; sourceTree = "<group>"; };
		6FDD26D922D5E07C00D49705 /* NetworkLayer.xcdatamodel */ = {isa = PBXFileReference; lastKnownFileType = wrapper.xcdatamodel; path = NetworkLayer.xcdatamodel; sourceTree = "<group>"; };
		6FDD26DB22D5E08900D49705 /* Assets.xcassets */ = {isa = PBXFileReference; lastKnownFileType = folder.assetcatalog; path = Assets.xcassets; sourceTree = "<group>"; };
		6FDD26DE22D5E08900D49705 /* Base */ = {isa = PBXFileReference; lastKnownFileType = file.storyboard; name = Base; path = Base.lproj/LaunchScreen.storyboard; sourceTree = "<group>"; };
		6FDD26E022D5E08900D49705 /* Info.plist */ = {isa = PBXFileReference; lastKnownFileType = text.plist.xml; path = Info.plist; sourceTree = "<group>"; };
		6FDD26EF22D5E18A00D49705 /* EndPointType.swift */ = {isa = PBXFileReference; lastKnownFileType = sourcecode.swift; path = EndPointType.swift; sourceTree = "<group>"; };
		6FDD26F122D5E38200D49705 /* HTTPMethod.swift */ = {isa = PBXFileReference; lastKnownFileType = sourcecode.swift; path = HTTPMethod.swift; sourceTree = "<group>"; };
		6FDD26F322D5E49F00D49705 /* HTTPTask.swift */ = {isa = PBXFileReference; lastKnownFileType = sourcecode.swift; path = HTTPTask.swift; sourceTree = "<group>"; };
		6FDD26F522D5E7CC00D49705 /* ParameterEncoding.swift */ = {isa = PBXFileReference; lastKnownFileType = sourcecode.swift; path = ParameterEncoding.swift; sourceTree = "<group>"; };
		6FDD26F722D5EEAA00D49705 /* URLParameterEncoder.swift */ = {isa = PBXFileReference; lastKnownFileType = sourcecode.swift; path = URLParameterEncoder.swift; sourceTree = "<group>"; };
		6FDD26F922D602EF00D49705 /* JSONParameterEncoder.swift */ = {isa = PBXFileReference; lastKnownFileType = sourcecode.swift; path = JSONParameterEncoder.swift; sourceTree = "<group>"; };
/* End PBXFileReference section */

/* Begin PBXFrameworksBuildPhase section */
		6FDD26CB22D5E07C00D49705 /* Frameworks */ = {
			isa = PBXFrameworksBuildPhase;
			buildActionMask = 2147483647;
			files = (
			);
			runOnlyForDeploymentPostprocessing = 0;
		};
/* End PBXFrameworksBuildPhase section */

/* Begin PBXGroup section */
		6FDD26C522D5E07C00D49705 = {
			isa = PBXGroup;
			children = (
				6FDD26D022D5E07C00D49705 /* NetworkLayer */,
				6FDD26CF22D5E07C00D49705 /* Products */,
			);
			sourceTree = "<group>";
		};
		6FDD26CF22D5E07C00D49705 /* Products */ = {
			isa = PBXGroup;
			children = (
				6FDD26CE22D5E07C00D49705 /* NetworkLayer.app */,
			);
			name = Products;
			sourceTree = "<group>";
		};
		6FDD26D022D5E07C00D49705 /* NetworkLayer */ = {
			isa = PBXGroup;
			children = (
				6FDD26E922D5E0EA00D49705 /* Application */,
				6FDD26E622D5E0B600D49705 /* Model */,
				6FDD26E822D5E0C700D49705 /* View */,
				6FDD26E722D5E0BB00D49705 /* Controller */,
				6FDD26EA22D5E11C00D49705 /* Networking */,
				6FDD26D122D5E07C00D49705 /* AppDelegate.swift */,
				6FDD26DB22D5E08900D49705 /* Assets.xcassets */,
				6FDD26DD22D5E08900D49705 /* LaunchScreen.storyboard */,
				6FDD26E022D5E08900D49705 /* Info.plist */,
				6FDD26D822D5E07C00D49705 /* NetworkLayer.xcdatamodeld */,
			);
			path = NetworkLayer;
			sourceTree = "<group>";
		};
		6FDD26E622D5E0B600D49705 /* Model */ = {
			isa = PBXGroup;
			children = (
			);
			path = Model;
			sourceTree = "<group>";
		};
		6FDD26E722D5E0BB00D49705 /* Controller */ = {
			isa = PBXGroup;
			children = (
				6FDD26D322D5E07C00D49705 /* ViewController.swift */,
			);
			path = Controller;
			sourceTree = "<group>";
		};
		6FDD26E822D5E0C700D49705 /* View */ = {
			isa = PBXGroup;
			children = (
				6FDD26D522D5E07C00D49705 /* Main.storyboard */,
			);
			path = View;
			sourceTree = "<group>";
		};
		6FDD26E922D5E0EA00D49705 /* Application */ = {
			isa = PBXGroup;
			children = (
			);
			path = Application;
			sourceTree = "<group>";
		};
		6FDD26EA22D5E11C00D49705 /* Networking */ = {
			isa = PBXGroup;
			children = (
				6FDD26EE22D5E15000D49705 /* Encoding */,
				6FDD26ED22D5E14900D49705 /* Service */,
				6FDD26EC22D5E14400D49705 /* Manager */,
				6FDD26EB22D5E12C00D49705 /* EndPoint */,
			);
			path = Networking;
			sourceTree = "<group>";
		};
		6FDD26EB22D5E12C00D49705 /* EndPoint */ = {
			isa = PBXGroup;
			children = (
			);
			path = EndPoint;
			sourceTree = "<group>";
		};
		6FDD26EC22D5E14400D49705 /* Manager */ = {
			isa = PBXGroup;
			children = (
			);
			path = Manager;
			sourceTree = "<group>";
		};
		6FDD26ED22D5E14900D49705 /* Service */ = {
			isa = PBXGroup;
			children = (
				6FDD26EF22D5E18A00D49705 /* EndPointType.swift */,
				6FDD26F122D5E38200D49705 /* HTTPMethod.swift */,
				6FDD26F322D5E49F00D49705 /* HTTPTask.swift */,
				6F1F9C9C22D736B400D1B4AF /* Router.swift */,
			);
			path = Service;
			sourceTree = "<group>";
		};
		6FDD26EE22D5E15000D49705 /* Encoding */ = {
			isa = PBXGroup;
			children = (
				6FDD26F522D5E7CC00D49705 /* ParameterEncoding.swift */,
				6FDD26F722D5EEAA00D49705 /* URLParameterEncoder.swift */,
				6FDD26F922D602EF00D49705 /* JSONParameterEncoder.swift */,
				6F1F9C9A22D734AE00D1B4AF /* NetworkRouter.swift */,
			);
			path = Encoding;
			sourceTree = "<group>";
		};
/* End PBXGroup section */

/* Begin PBXNativeTarget section */
		6FDD26CD22D5E07C00D49705 /* NetworkLayer */ = {
			isa = PBXNativeTarget;
			buildConfigurationList = 6FDD26E322D5E08900D49705 /* Build configuration list for PBXNativeTarget "NetworkLayer" */;
			buildPhases = (
				6FDD26CA22D5E07C00D49705 /* Sources */,
				6FDD26CB22D5E07C00D49705 /* Frameworks */,
				6FDD26CC22D5E07C00D49705 /* Resources */,
			);
			buildRules = (
			);
			dependencies = (
			);
			name = NetworkLayer;
			productName = NetworkLayer;
			productReference = 6FDD26CE22D5E07C00D49705 /* NetworkLayer.app */;
			productType = "com.apple.product-type.application";
		};
/* End PBXNativeTarget section */

/* Begin PBXProject section */
		6FDD26C622D5E07C00D49705 /* Project object */ = {
			isa = PBXProject;
			attributes = {
				LastSwiftUpdateCheck = 1020;
				LastUpgradeCheck = 1020;
				ORGANIZATIONNAME = rkbroach;
				TargetAttributes = {
					6FDD26CD22D5E07C00D49705 = {
						CreatedOnToolsVersion = 10.2.1;
					};
				};
			};
			buildConfigurationList = 6FDD26C922D5E07C00D49705 /* Build configuration list for PBXProject "NetworkLayer" */;
			compatibilityVersion = "Xcode 9.3";
			developmentRegion = en;
			hasScannedForEncodings = 0;
			knownRegions = (
				en,
				Base,
			);
			mainGroup = 6FDD26C522D5E07C00D49705;
			productRefGroup = 6FDD26CF22D5E07C00D49705 /* Products */;
			projectDirPath = "";
			projectRoot = "";
			targets = (
				6FDD26CD22D5E07C00D49705 /* NetworkLayer */,
			);
		};
/* End PBXProject section */

/* Begin PBXResourcesBuildPhase section */
		6FDD26CC22D5E07C00D49705 /* Resources */ = {
			isa = PBXResourcesBuildPhase;
			buildActionMask = 2147483647;
			files = (
				6FDD26DF22D5E08900D49705 /* LaunchScreen.storyboard in Resources */,
				6FDD26DC22D5E08900D49705 /* Assets.xcassets in Resources */,
				6FDD26D722D5E07C00D49705 /* Main.storyboard in Resources */,
			);
			runOnlyForDeploymentPostprocessing = 0;
		};
/* End PBXResourcesBuildPhase section */

/* Begin PBXSourcesBuildPhase section */
		6FDD26CA22D5E07C00D49705 /* Sources */ = {
			isa = PBXSourcesBuildPhase;
			buildActionMask = 2147483647;
			files = (
				6F1F9C9D22D736B400D1B4AF /* Router.swift in Sources */,
				6FDD26F822D5EEAA00D49705 /* URLParameterEncoder.swift in Sources */,
				6FDD26F622D5E7CC00D49705 /* ParameterEncoding.swift in Sources */,
				6FDD26F422D5E49F00D49705 /* HTTPTask.swift in Sources */,
				6FDD26F022D5E18A00D49705 /* EndPointType.swift in Sources */,
				6FDD26D422D5E07C00D49705 /* ViewController.swift in Sources */,
				6FDD26FA22D602EF00D49705 /* JSONParameterEncoder.swift in Sources */,
				6FDD26DA22D5E07C00D49705 /* NetworkLayer.xcdatamodeld in Sources */,
				6F1F9C9B22D734AE00D1B4AF /* NetworkRouter.swift in Sources */,
				6FDD26F222D5E38200D49705 /* HTTPMethod.swift in Sources */,
				6FDD26D222D5E07C00D49705 /* AppDelegate.swift in Sources */,
			);
			runOnlyForDeploymentPostprocessing = 0;
		};
/* End PBXSourcesBuildPhase section */

/* Begin PBXVariantGroup section */
		6FDD26D522D5E07C00D49705 /* Main.storyboard */ = {
			isa = PBXVariantGroup;
			children = (
				6FDD26D622D5E07C00D49705 /* Base */,
			);
			name = Main.storyboard;
			sourceTree = "<group>";
		};
		6FDD26DD22D5E08900D49705 /* LaunchScreen.storyboard */ = {
			isa = PBXVariantGroup;
			children = (
				6FDD26DE22D5E08900D49705 /* Base */,
			);
			name = LaunchScreen.storyboard;
			sourceTree = "<group>";
		};
/* End PBXVariantGroup section */

/* Begin XCBuildConfiguration section */
		6FDD26E122D5E08900D49705 /* Debug */ = {
			isa = XCBuildConfiguration;
			buildSettings = {
				ALWAYS_SEARCH_USER_PATHS = NO;
				CLANG_ANALYZER_NONNULL = YES;
				CLANG_ANALYZER_NUMBER_OBJECT_CONVERSION = YES_AGGRESSIVE;
				CLANG_CXX_LANGUAGE_STANDARD = "gnu++14";
				CLANG_CXX_LIBRARY = "libc++";
				CLANG_ENABLE_MODULES = YES;
				CLANG_ENABLE_OBJC_ARC = YES;
				CLANG_ENABLE_OBJC_WEAK = YES;
				CLANG_WARN_BLOCK_CAPTURE_AUTORELEASING = YES;
				CLANG_WARN_BOOL_CONVERSION = YES;
				CLANG_WARN_COMMA = YES;
				CLANG_WARN_CONSTANT_CONVERSION = YES;
				CLANG_WARN_DEPRECATED_OBJC_IMPLEMENTATIONS = YES;
				CLANG_WARN_DIRECT_OBJC_ISA_USAGE = YES_ERROR;
				CLANG_WARN_DOCUMENTATION_COMMENTS = YES;
				CLANG_WARN_EMPTY_BODY = YES;
				CLANG_WARN_ENUM_CONVERSION = YES;
				CLANG_WARN_INFINITE_RECURSION = YES;
				CLANG_WARN_INT_CONVERSION = YES;
				CLANG_WARN_NON_LITERAL_NULL_CONVERSION = YES;
				CLANG_WARN_OBJC_IMPLICIT_RETAIN_SELF = YES;
				CLANG_WARN_OBJC_LITERAL_CONVERSION = YES;
				CLANG_WARN_OBJC_ROOT_CLASS = YES_ERROR;
				CLANG_WARN_RANGE_LOOP_ANALYSIS = YES;
				CLANG_WARN_STRICT_PROTOTYPES = YES;
				CLANG_WARN_SUSPICIOUS_MOVE = YES;
				CLANG_WARN_UNGUARDED_AVAILABILITY = YES_AGGRESSIVE;
				CLANG_WARN_UNREACHABLE_CODE = YES;
				CLANG_WARN__DUPLICATE_METHOD_MATCH = YES;
				CODE_SIGN_IDENTITY = "iPhone Developer";
				COPY_PHASE_STRIP = NO;
				DEBUG_INFORMATION_FORMAT = dwarf;
				ENABLE_STRICT_OBJC_MSGSEND = YES;
				ENABLE_TESTABILITY = YES;
				GCC_C_LANGUAGE_STANDARD = gnu11;
				GCC_DYNAMIC_NO_PIC = NO;
				GCC_NO_COMMON_BLOCKS = YES;
				GCC_OPTIMIZATION_LEVEL = 0;
				GCC_PREPROCESSOR_DEFINITIONS = (
					"DEBUG=1",
					"$(inherited)",
				);
				GCC_WARN_64_TO_32_BIT_CONVERSION = YES;
				GCC_WARN_ABOUT_RETURN_TYPE = YES_ERROR;
				GCC_WARN_UNDECLARED_SELECTOR = YES;
				GCC_WARN_UNINITIALIZED_AUTOS = YES_AGGRESSIVE;
				GCC_WARN_UNUSED_FUNCTION = YES;
				GCC_WARN_UNUSED_VARIABLE = YES;
				IPHONEOS_DEPLOYMENT_TARGET = 12.2;
				MTL_ENABLE_DEBUG_INFO = INCLUDE_SOURCE;
				MTL_FAST_MATH = YES;
				ONLY_ACTIVE_ARCH = YES;
				SDKROOT = iphoneos;
				SWIFT_ACTIVE_COMPILATION_CONDITIONS = DEBUG;
				SWIFT_OPTIMIZATION_LEVEL = "-Onone";
			};
			name = Debug;
		};
		6FDD26E222D5E08900D49705 /* Release */ = {
			isa = XCBuildConfiguration;
			buildSettings = {
				ALWAYS_SEARCH_USER_PATHS = NO;
				CLANG_ANALYZER_NONNULL = YES;
				CLANG_ANALYZER_NUMBER_OBJECT_CONVERSION = YES_AGGRESSIVE;
				CLANG_CXX_LANGUAGE_STANDARD = "gnu++14";
				CLANG_CXX_LIBRARY = "libc++";
				CLANG_ENABLE_MODULES = YES;
				CLANG_ENABLE_OBJC_ARC = YES;
				CLANG_ENABLE_OBJC_WEAK = YES;
				CLANG_WARN_BLOCK_CAPTURE_AUTORELEASING = YES;
				CLANG_WARN_BOOL_CONVERSION = YES;
				CLANG_WARN_COMMA = YES;
				CLANG_WARN_CONSTANT_CONVERSION = YES;
				CLANG_WARN_DEPRECATED_OBJC_IMPLEMENTATIONS = YES;
				CLANG_WARN_DIRECT_OBJC_ISA_USAGE = YES_ERROR;
				CLANG_WARN_DOCUMENTATION_COMMENTS = YES;
				CLANG_WARN_EMPTY_BODY = YES;
				CLANG_WARN_ENUM_CONVERSION = YES;
				CLANG_WARN_INFINITE_RECURSION = YES;
				CLANG_WARN_INT_CONVERSION = YES;
				CLANG_WARN_NON_LITERAL_NULL_CONVERSION = YES;
				CLANG_WARN_OBJC_IMPLICIT_RETAIN_SELF = YES;
				CLANG_WARN_OBJC_LITERAL_CONVERSION = YES;
				CLANG_WARN_OBJC_ROOT_CLASS = YES_ERROR;
				CLANG_WARN_RANGE_LOOP_ANALYSIS = YES;
				CLANG_WARN_STRICT_PROTOTYPES = YES;
				CLANG_WARN_SUSPICIOUS_MOVE = YES;
				CLANG_WARN_UNGUARDED_AVAILABILITY = YES_AGGRESSIVE;
				CLANG_WARN_UNREACHABLE_CODE = YES;
				CLANG_WARN__DUPLICATE_METHOD_MATCH = YES;
				CODE_SIGN_IDENTITY = "iPhone Developer";
				COPY_PHASE_STRIP = NO;
				DEBUG_INFORMATION_FORMAT = "dwarf-with-dsym";
				ENABLE_NS_ASSERTIONS = NO;
				ENABLE_STRICT_OBJC_MSGSEND = YES;
				GCC_C_LANGUAGE_STANDARD = gnu11;
				GCC_NO_COMMON_BLOCKS = YES;
				GCC_WARN_64_TO_32_BIT_CONVERSION = YES;
				GCC_WARN_ABOUT_RETURN_TYPE = YES_ERROR;
				GCC_WARN_UNDECLARED_SELECTOR = YES;
				GCC_WARN_UNINITIALIZED_AUTOS = YES_AGGRESSIVE;
				GCC_WARN_UNUSED_FUNCTION = YES;
				GCC_WARN_UNUSED_VARIABLE = YES;
				IPHONEOS_DEPLOYMENT_TARGET = 12.2;
				MTL_ENABLE_DEBUG_INFO = NO;
				MTL_FAST_MATH = YES;
				SDKROOT = iphoneos;
				SWIFT_COMPILATION_MODE = wholemodule;
				SWIFT_OPTIMIZATION_LEVEL = "-O";
				VALIDATE_PRODUCT = YES;
			};
			name = Release;
		};
		6FDD26E422D5E08900D49705 /* Debug */ = {
			isa = XCBuildConfiguration;
			buildSettings = {
				ASSETCATALOG_COMPILER_APPICON_NAME = AppIcon;
				CODE_SIGN_STYLE = Automatic;
				DEVELOPMENT_TEAM = T39462JT9L;
				INFOPLIST_FILE = NetworkLayer/Info.plist;
				LD_RUNPATH_SEARCH_PATHS = (
					"$(inherited)",
					"@executable_path/Frameworks",
				);
				PRODUCT_BUNDLE_IDENTIFIER = com.rkbroach.NetworkLayer;
				PRODUCT_NAME = "$(TARGET_NAME)";
				SWIFT_VERSION = 5.0;
				TARGETED_DEVICE_FAMILY = "1,2";
			};
			name = Debug;
		};
		6FDD26E522D5E08900D49705 /* Release */ = {
			isa = XCBuildConfiguration;
			buildSettings = {
				ASSETCATALOG_COMPILER_APPICON_NAME = AppIcon;
				CODE_SIGN_STYLE = Automatic;
				DEVELOPMENT_TEAM = T39462JT9L;
				INFOPLIST_FILE = NetworkLayer/Info.plist;
				LD_RUNPATH_SEARCH_PATHS = (
					"$(inherited)",
					"@executable_path/Frameworks",
				);
				PRODUCT_BUNDLE_IDENTIFIER = com.rkbroach.NetworkLayer;
				PRODUCT_NAME = "$(TARGET_NAME)";
				SWIFT_VERSION = 5.0;
				TARGETED_DEVICE_FAMILY = "1,2";
			};
			name = Release;
		};
/* End XCBuildConfiguration section */

/* Begin XCConfigurationList section */
		6FDD26C922D5E07C00D49705 /* Build configuration list for PBXProject "NetworkLayer" */ = {
			isa = XCConfigurationList;
			buildConfigurations = (
				6FDD26E122D5E08900D49705 /* Debug */,
				6FDD26E222D5E08900D49705 /* Release */,
			);
			defaultConfigurationIsVisible = 0;
			defaultConfigurationName = Release;
		};
		6FDD26E322D5E08900D49705 /* Build configuration list for PBXNativeTarget "NetworkLayer" */ = {
			isa = XCConfigurationList;
			buildConfigurations = (
				6FDD26E422D5E08900D49705 /* Debug */,
				6FDD26E522D5E08900D49705 /* Release */,
			);
			defaultConfigurationIsVisible = 0;
			defaultConfigurationName = Release;
		};
/* End XCConfigurationList section */

/* Begin XCVersionGroup section */
		6FDD26D822D5E07C00D49705 /* NetworkLayer.xcdatamodeld */ = {
			isa = XCVersionGroup;
			children = (
				6FDD26D922D5E07C00D49705 /* NetworkLayer.xcdatamodel */,
			);
			currentVersion = 6FDD26D922D5E07C00D49705 /* NetworkLayer.xcdatamodel */;
			path = NetworkLayer.xcdatamodeld;
			sourceTree = "<group>";
			versionGroupType = wrapper.xcdatamodel;
		};
/* End XCVersionGroup section */
	};
	rootObject = 6FDD26C622D5E07C00D49705 /* Project object */;
}
